
Microsoft Visual Studio Solution File, Format Version 12.00
# Visual Studio Version 16
VisualStudioVersion = 16.0.31229.75
MinimumVisualStudioVersion = 10.0.40219.1
Project("{FAE04EC0-301F-11D3-BF4B-00C04F79EFBC}") = "LW__20", "LW__20.csproj", "{84B39201-8261-49A4-8088-04A787B9447F}"
EndProject
Global
	GlobalSection(SolutionConfigurationPlatforms) = preSolution
		Debug|Any CPU = Debug|Any CPU
		Release|Any CPU = Release|Any CPU
	EndGlobalSection
	GlobalSection(ProjectConfigurationPlatforms) = postSolution
		{84B39201-8261-49A4-8088-04A787B9447F}.Debug|Any CPU.ActiveCfg = Debug|Any CPU
		{84B39201-8261-49A4-8088-04A787B9447F}.Debug|Any CPU.Build.0 = Debug|Any CPU
		{84B39201-8261-49A4-8088-04A787B9447F}.Release|Any CPU.ActiveCfg = Release|Any CPU
		{84B39201-8261-49A4-8088-04A787B9447F}.Release|Any CPU.Build.0 = Release|Any CPU
	EndGlobalSection
	GlobalSection(SolutionProperties) = preSolution
		HideSolutionNode = FALSE
	EndGlobalSection
	GlobalSection(ExtensibilityGlobals) = postSolution
		SolutionGuid = {D26DEC1B-CDFC-4A93-80D0-2F0E4EAA8D4F}
	EndGlobalSection
EndGlobal
